
Microsoft Visual Studio Solution File, Format Version 12.00
# Visual Studio Version 16
VisualStudioVersion = 16.0.30717.126
MinimumVisualStudioVersion = 10.0.40219.1
Project("{FAE04EC0-301F-11D3-BF4B-00C04F79EFBC}") = "DoAn_OOP_BAI1_ver1", "DoAn_OOP_BAI1_ver1\DoAn_OOP_BAI1_ver1.csproj", "{7B7DDB85-5AFF-4EE3-BF9D-0BAA52C7505D}"
EndProject
Global
	GlobalSection(SolutionConfigurationPlatforms) = preSolution
		Debug|Any CPU = Debug|Any CPU
		Release|Any CPU = Release|Any CPU
	EndGlobalSection
	GlobalSection(ProjectConfigurationPlatforms) = postSolution
		{7B7DDB85-5AFF-4EE3-BF9D-0BAA52C7505D}.Debug|Any CPU.ActiveCfg = Debug|Any CPU
		{7B7DDB85-5AFF-4EE3-BF9D-0BAA52C7505D}.Debug|Any CPU.Build.0 = Debug|Any CPU
		{7B7DDB85-5AFF-4EE3-BF9D-0BAA52C7505D}.Release|Any CPU.ActiveCfg = Release|Any CPU
		{7B7DDB85-5AFF-4EE3-BF9D-0BAA52C7505D}.Release|Any CPU.Build.0 = Release|Any CPU
	EndGlobalSection
	GlobalSection(SolutionProperties) = preSolution
		HideSolutionNode = FALSE
	EndGlobalSection
	GlobalSection(ExtensibilityGlobals) = postSolution
		SolutionGuid = {6063510A-29E6-47BB-9CF9-F139F22CCA25}
	EndGlobalSection
EndGlobal
