
Microsoft Visual Studio Solution File, Format Version 12.00
# Visual Studio Version 16
VisualStudioVersion = 16.0.30717.126
MinimumVisualStudioVersion = 10.0.40219.1
Project("{8BC9CEB8-8B4A-11D0-8D11-00A0C91BC942}") = "doan_bai2_c++", "doan_bai2_c++\doan_bai2_c++.vcxproj", "{9CC7F4E1-8E91-4A11-8599-925EFF16FD3E}"
EndProject
Global
	GlobalSection(SolutionConfigurationPlatforms) = preSolution
		Debug|x64 = Debug|x64
		Debug|x86 = Debug|x86
		Release|x64 = Release|x64
		Release|x86 = Release|x86
	EndGlobalSection
	GlobalSection(ProjectConfigurationPlatforms) = postSolution
		{9CC7F4E1-8E91-4A11-8599-925EFF16FD3E}.Debug|x64.ActiveCfg = Debug|x64
		{9CC7F4E1-8E91-4A11-8599-925EFF16FD3E}.Debug|x64.Build.0 = Debug|x64
		{9CC7F4E1-8E91-4A11-8599-925EFF16FD3E}.Debug|x86.ActiveCfg = Debug|Win32
		{9CC7F4E1-8E91-4A11-8599-925EFF16FD3E}.Debug|x86.Build.0 = Debug|Win32
		{9CC7F4E1-8E91-4A11-8599-925EFF16FD3E}.Release|x64.ActiveCfg = Release|x64
		{9CC7F4E1-8E91-4A11-8599-925EFF16FD3E}.Release|x64.Build.0 = Release|x64
		{9CC7F4E1-8E91-4A11-8599-925EFF16FD3E}.Release|x86.ActiveCfg = Release|Win32
		{9CC7F4E1-8E91-4A11-8599-925EFF16FD3E}.Release|x86.Build.0 = Release|Win32
	EndGlobalSection
	GlobalSection(SolutionProperties) = preSolution
		HideSolutionNode = FALSE
	EndGlobalSection
	GlobalSection(ExtensibilityGlobals) = postSolution
		SolutionGuid = {C3338E63-8556-4E0E-A976-A5F5222C9750}
	EndGlobalSection
EndGlobal
